schema: '2.0'
stages:
  data_ingestion:
    cmd: python src/data_ingestion.py
    deps:
    - path: src/data_ingestion.py
      hash: md5
      md5: f7c52b77f6ab762285821c4ba46d2de1
      size: 3539
    params:
      params.yaml:
        data_ingestion.test_size: 0.18
    outs:
    - path: data/raw
      hash: md5
      md5: 559ae6a6545db557c5378bbdd5246e96.dir
      size: 479272
      nfiles: 2
  data_preprocessing:
    cmd: python src/data_preprocessing.py
    deps:
    - path: data/raw
      hash: md5
      md5: 559ae6a6545db557c5378bbdd5246e96.dir
      size: 479272
      nfiles: 2
    - path: src/data_preprocessing.py
      hash: md5
      md5: 158130fa3ada2ed96ada460b539d42e9
      size: 3864
    outs:
    - path: data/interim
      hash: md5
      md5: 5583b02cb170b80e77a0c3d8085e0cba.dir
      size: 254506
      nfiles: 2
  feature_engineering:
    cmd: python src/feature_engineering.py
    deps:
    - path: data/interim
      hash: md5
      md5: 5583b02cb170b80e77a0c3d8085e0cba.dir
      size: 254506
      nfiles: 2
    - path: src/feature_engineering.py
      hash: md5
      md5: 55c838f8b9b24bdf96f0bf4a576fbf73
      size: 3798
    params:
      params.yaml:
        feature_engineering.max_features: 34
    outs:
    - path: data/processed
      hash: md5
      md5: 1d6807b9721c7fdfbb232d54f0c3b76c.dir
      size: 805864
      nfiles: 2
  model_building:
    cmd: python src/model_building.py
    deps:
    - path: data/processed
      hash: md5
      md5: 1d6807b9721c7fdfbb232d54f0c3b76c.dir
      size: 805864
      nfiles: 2
    - path: src/model_building.py
      hash: md5
      md5: 17ca7834783a6b2822184e114c2d9980
      size: 4287
    params:
      params.yaml:
        model_building.n_estimators: 20
        model_building.random_state: 1
    outs:
    - path: models/model.pkl
      hash: md5
      md5: ccd40b8de1d6b9bec6118b99f04f00df
      size: 618277
  model_evaluation:
    cmd: python src/model_evaluation.py
    deps:
    - path: models/model.pkl
      hash: md5
      md5: ccd40b8de1d6b9bec6118b99f04f00df
      size: 618277
    - path: src/model_evaluation.py
      hash: md5
      md5: 0229ac255679fe429eefc4e68df8da95
      size: 4512
    outs:
    - path: reports/metrics.json
      hash: md5
      md5: 6dfe2a09282c83d0f150a01503347115
      size: 139
